
Microsoft Visual Studio Solution File, Format Version 12.00
Project("{FAE04EC0-301F-11D3-BF4B-00C04F79EFBC}") = "Graph", "Graph\Graph.csproj", "{9903DDDE-64A3-45EE-A310-28DAFC47CE88}"
EndProject
Global
	GlobalSection(SolutionConfigurationPlatforms) = preSolution
		Debug|Any CPU = Debug|Any CPU
		Release|Any CPU = Release|Any CPU
	EndGlobalSection
	GlobalSection(ProjectConfigurationPlatforms) = postSolution
		{9903DDDE-64A3-45EE-A310-28DAFC47CE88}.Debug|Any CPU.ActiveCfg = Debug|Any CPU
		{9903DDDE-64A3-45EE-A310-28DAFC47CE88}.Debug|Any CPU.Build.0 = Debug|Any CPU
		{9903DDDE-64A3-45EE-A310-28DAFC47CE88}.Release|Any CPU.ActiveCfg = Release|Any CPU
		{9903DDDE-64A3-45EE-A310-28DAFC47CE88}.Release|Any CPU.Build.0 = Release|Any CPU
	EndGlobalSection
EndGlobal
